
Microsoft Visual Studio Solution File, Format Version 12.00
# Visual Studio Version 17
VisualStudioVersion = 17.11.35327.3
MinimumVisualStudioVersion = 10.0.40219.1
Project("{FAE04EC0-301F-11D3-BF4B-00C04F79EFBC}") = "InheritanceCS", "InheritanceCS\InheritanceCS.csproj", "{82D7F30E-AEF0-47E1-BBBB-EAC4F5234C7C}"
EndProject
Project("{FAE04EC0-301F-11D3-BF4B-00C04F79EFBC}") = "Academy", "Academy\Academy.csproj", "{1DBD7658-3A7B-40FA-93D0-281C38403549}"
EndProject
Project("{FAE04EC0-301F-11D3-BF4B-00C04F79EFBC}") = "Files", "Files\Files.csproj", "{4C829B4D-8B53-48AA-AD07-C2228E937350}"
EndProject
Project("{FAE04EC0-301F-11D3-BF4B-00C04F79EFBC}") = "AbstractBaseClass", "AbstructBaseClass\AbstractBaseClass.csproj", "{497C8B60-A35A-4449-B8C1-C59934455AC2}"
EndProject
Project("{FAE04EC0-301F-11D3-BF4B-00C04F79EFBC}") = "AbstractGeometry", "AbstractGeometry\AbstractGeometry.csproj", "{D76A95FC-54E1-4C2D-B0BB-E69B42DBBE33}"
EndProject
Global
	GlobalSection(SolutionConfigurationPlatforms) = preSolution
		Debug|Any CPU = Debug|Any CPU
		Release|Any CPU = Release|Any CPU
	EndGlobalSection
	GlobalSection(ProjectConfigurationPlatforms) = postSolution
		{82D7F30E-AEF0-47E1-BBBB-EAC4F5234C7C}.Debug|Any CPU.ActiveCfg = Debug|Any CPU
		{82D7F30E-AEF0-47E1-BBBB-EAC4F5234C7C}.Debug|Any CPU.Build.0 = Debug|Any CPU
		{82D7F30E-AEF0-47E1-BBBB-EAC4F5234C7C}.Release|Any CPU.ActiveCfg = Release|Any CPU
		{82D7F30E-AEF0-47E1-BBBB-EAC4F5234C7C}.Release|Any CPU.Build.0 = Release|Any CPU
		{1DBD7658-3A7B-40FA-93D0-281C38403549}.Debug|Any CPU.ActiveCfg = Debug|Any CPU
		{1DBD7658-3A7B-40FA-93D0-281C38403549}.Debug|Any CPU.Build.0 = Debug|Any CPU
		{1DBD7658-3A7B-40FA-93D0-281C38403549}.Release|Any CPU.ActiveCfg = Release|Any CPU
		{1DBD7658-3A7B-40FA-93D0-281C38403549}.Release|Any CPU.Build.0 = Release|Any CPU
		{4C829B4D-8B53-48AA-AD07-C2228E937350}.Debug|Any CPU.ActiveCfg = Debug|Any CPU
		{4C829B4D-8B53-48AA-AD07-C2228E937350}.Debug|Any CPU.Build.0 = Debug|Any CPU
		{4C829B4D-8B53-48AA-AD07-C2228E937350}.Release|Any CPU.ActiveCfg = Release|Any CPU
		{4C829B4D-8B53-48AA-AD07-C2228E937350}.Release|Any CPU.Build.0 = Release|Any CPU
		{497C8B60-A35A-4449-B8C1-C59934455AC2}.Debug|Any CPU.ActiveCfg = Debug|Any CPU
		{497C8B60-A35A-4449-B8C1-C59934455AC2}.Debug|Any CPU.Build.0 = Debug|Any CPU
		{497C8B60-A35A-4449-B8C1-C59934455AC2}.Release|Any CPU.ActiveCfg = Release|Any CPU
		{497C8B60-A35A-4449-B8C1-C59934455AC2}.Release|Any CPU.Build.0 = Release|Any CPU
		{D76A95FC-54E1-4C2D-B0BB-E69B42DBBE33}.Debug|Any CPU.ActiveCfg = Debug|Any CPU
		{D76A95FC-54E1-4C2D-B0BB-E69B42DBBE33}.Debug|Any CPU.Build.0 = Debug|Any CPU
		{D76A95FC-54E1-4C2D-B0BB-E69B42DBBE33}.Release|Any CPU.ActiveCfg = Release|Any CPU
		{D76A95FC-54E1-4C2D-B0BB-E69B42DBBE33}.Release|Any CPU.Build.0 = Release|Any CPU
	EndGlobalSection
	GlobalSection(SolutionProperties) = preSolution
		HideSolutionNode = FALSE
	EndGlobalSection
	GlobalSection(ExtensibilityGlobals) = postSolution
		SolutionGuid = {0E974EFE-9BCD-4C33-8784-51EBB1F2B10C}
	EndGlobalSection
EndGlobal
